
Microsoft Visual Studio Solution File, Format Version 12.00
Project("{FAE04EC0-301F-11D3-BF4B-00C04F79EFBC}") = "DeliveryApplication", "DeliveryApplication.csproj", "{9CA43EC3-41D8-4A8A-B6A7-FF76C2DDCE5D}"
EndProject
Global
	GlobalSection(SolutionConfigurationPlatforms) = preSolution
		Debug|Any CPU = Debug|Any CPU
		Release|Any CPU = Release|Any CPU
	EndGlobalSection
	GlobalSection(ProjectConfigurationPlatforms) = postSolution
		{9CA43EC3-41D8-4A8A-B6A7-FF76C2DDCE5D}.Debug|Any CPU.ActiveCfg = Debug|Any CPU
		{9CA43EC3-41D8-4A8A-B6A7-FF76C2DDCE5D}.Debug|Any CPU.Build.0 = Debug|Any CPU
		{9CA43EC3-41D8-4A8A-B6A7-FF76C2DDCE5D}.Release|Any CPU.ActiveCfg = Release|Any CPU
		{9CA43EC3-41D8-4A8A-B6A7-FF76C2DDCE5D}.Release|Any CPU.Build.0 = Release|Any CPU
	EndGlobalSection
EndGlobal
