
Microsoft Visual Studio Solution File, Format Version 12.00
Project("{FAE04EC0-301F-11D3-BF4B-00C04F79EFBC}") = "singleton", "singleton\singleton.csproj", "{A2D18F76-2308-4262-B959-D1E10AE9718E}"
EndProject
Project("{FAE04EC0-301F-11D3-BF4B-00C04F79EFBC}") = "TestProject1", "TestProject1\TestProject1.csproj", "{8FA9639A-A6ED-4A30-A445-69C765AFD44D}"
EndProject
Global
	GlobalSection(SolutionConfigurationPlatforms) = preSolution
		Debug|Any CPU = Debug|Any CPU
		Release|Any CPU = Release|Any CPU
	EndGlobalSection
	GlobalSection(ProjectConfigurationPlatforms) = postSolution
		{A2D18F76-2308-4262-B959-D1E10AE9718E}.Debug|Any CPU.ActiveCfg = Debug|Any CPU
		{A2D18F76-2308-4262-B959-D1E10AE9718E}.Debug|Any CPU.Build.0 = Debug|Any CPU
		{A2D18F76-2308-4262-B959-D1E10AE9718E}.Release|Any CPU.ActiveCfg = Release|Any CPU
		{A2D18F76-2308-4262-B959-D1E10AE9718E}.Release|Any CPU.Build.0 = Release|Any CPU
		{8FA9639A-A6ED-4A30-A445-69C765AFD44D}.Debug|Any CPU.ActiveCfg = Debug|Any CPU
		{8FA9639A-A6ED-4A30-A445-69C765AFD44D}.Debug|Any CPU.Build.0 = Debug|Any CPU
		{8FA9639A-A6ED-4A30-A445-69C765AFD44D}.Release|Any CPU.ActiveCfg = Release|Any CPU
		{8FA9639A-A6ED-4A30-A445-69C765AFD44D}.Release|Any CPU.Build.0 = Release|Any CPU
	EndGlobalSection
EndGlobal
