
Microsoft Visual Studio Solution File, Format Version 12.00
# Visual Studio 2013
VisualStudioVersion = 12.0.0.0
MinimumVisualStudioVersion = 10.0.0.1
Project("{FAE04EC0-301F-11D3-BF4B-00C04F79EFBC}") = "Adapter", "Adapter/Adapter.csproj", "{BF40ACA0-270F-41A6-909A-F213F19D4FC7}"
EndProject
Global
	GlobalSection(SolutionConfigurationPlatforms) = preSolution
		Debug|Any CPU = Debug|Any CPU
		Release|Any CPU = Release|Any CPU
	EndGlobalSection
	GlobalSection(ProjectConfigurationPlatforms) = postSolution
		{BF40ACA0-270F-41A6-909A-F213F19D4FC7}.Debug|Any CPU.ActiveCfg = Debug|Any CPU
		{BF40ACA0-270F-41A6-909A-F213F19D4FC7}.Debug|Any CPU.Build.0 = Debug|Any CPU
		{BF40ACA0-270F-41A6-909A-F213F19D4FC7}.Release|Any CPU.ActiveCfg = Release|Any CPU
		{BF40ACA0-270F-41A6-909A-F213F19D4FC7}.Release|Any CPU.Build.0 = Release|Any CPU
	EndGlobalSection
	GlobalSection(SolutionProperties) = preSolution
		HideSolutionNode = FALSE
	EndGlobalSection
EndGlobal
